
Microsoft Visual Studio Solution File, Format Version 12.00
# Visual Studio Version 17
VisualStudioVersion = 17.10.35013.160
MinimumVisualStudioVersion = 10.0.40219.1
Project("{FAE04EC0-301F-11D3-BF4B-00C04F79EFBC}") = "LowLevelDesign", "LowLevelDesign\LowLevelDesign.csproj", "{B11AE5E5-E855-490D-8276-A92DD4305437}"
EndProject
Global
	GlobalSection(SolutionConfigurationPlatforms) = preSolution
		Debug|Any CPU = Debug|Any CPU
		Release|Any CPU = Release|Any CPU
	EndGlobalSection
	GlobalSection(ProjectConfigurationPlatforms) = postSolution
		{B11AE5E5-E855-490D-8276-A92DD4305437}.Debug|Any CPU.ActiveCfg = Debug|Any CPU
		{B11AE5E5-E855-490D-8276-A92DD4305437}.Debug|Any CPU.Build.0 = Debug|Any CPU
		{B11AE5E5-E855-490D-8276-A92DD4305437}.Release|Any CPU.ActiveCfg = Release|Any CPU
		{B11AE5E5-E855-490D-8276-A92DD4305437}.Release|Any CPU.Build.0 = Release|Any CPU
	EndGlobalSection
	GlobalSection(SolutionProperties) = preSolution
		HideSolutionNode = FALSE
	EndGlobalSection
	GlobalSection(ExtensibilityGlobals) = postSolution
		SolutionGuid = {0B9D2B03-F704-4256-A86D-55FB14E42F0D}
	EndGlobalSection
EndGlobal
